# This file was generated by Aiken
# You typically do not need to edit this file

[[requirements]]
name = "aiken-lang/stdlib"
version = "v2.2.0"
source = "github"

[[requirements]]
name = "aiken-lang/fuzz"
version = "v2"
source = "github"

[[requirements]]
name = "modulo-p/cardano-semaphore"
version = "v0.9.2"
source = "github"

[[requirements]]
name = "aiken-lang/merkle-patricia-forestry"
version = "v2.1.0"
source = "github"

[[requirements]]
name = "modulo-p/ak-381"
version = "v0.1.1"
source = "github"

[[packages]]
name = "aiken-lang/stdlib"
version = "v2.2.0"
requirements = []
source = "github"

[[packages]]
name = "aiken-lang/fuzz"
version = "v2"
requirements = []
source = "github"

[[packages]]
name = "modulo-p/cardano-semaphore"
version = "v0.9.2"
requirements = []
source = "github"

[[packages]]
name = "aiken-lang/merkle-patricia-forestry"
version = "v2.1.0"
requirements = []
source = "github"

[[packages]]
name = "modulo-p/ak-381"
version = "v0.1.1"
requirements = []
source = "github"

[etags]
"aiken-lang/fuzz@v2" = [{ secs_since_epoch = 1762275500, nanos_since_epoch = 42677955 }, "9843473958e51725a9274b487d2d4aac0395ec1a2e30f090724fa737226bc127"]
